// !$*UTF8*$!
{
	archiveVersion = 1;
	classes = {
	};
	objectVersion = 46;
	objects = {

/* Begin PBXBuildFile section */
		A228AF351AB5573500BA0432 /* Foundation.framework in Frameworks */ = {isa = PBXBuildFile; fileRef = A228AF341AB5573500BA0432 /* Foundation.framework */; };
		A228AF371AB5573500BA0432 /* CoreGraphics.framework in Frameworks */ = {isa = PBXBuildFile; fileRef = A228AF361AB5573500BA0432 /* CoreGraphics.framework */; };
		A228AF391AB5573500BA0432 /* UIKit.framework in Frameworks */ = {isa = PBXBuildFile; fileRef = A228AF381AB5573500BA0432 /* UIKit.framework */; };
		A228AF3F1AB5573500BA0432 /* InfoPlist.strings in Resources */ = {isa = PBXBuildFile; fileRef = A228AF3D1AB5573500BA0432 /* InfoPlist.strings */; };
		A228AF411AB5573500BA0432 /* main.m in Sources */ = {isa = PBXBuildFile; fileRef = A228AF401AB5573500BA0432 /* main.m */; };
		A228AF451AB5573500BA0432 /* AppDelegate.m in Sources */ = {isa = PBXBuildFile; fileRef = A228AF441AB5573500BA0432 /* AppDelegate.m */; };
		A228AF481AB5573500BA0432 /* Main.storyboard in Resources */ = {isa = PBXBuildFile; fileRef = A228AF461AB5573500BA0432 /* Main.storyboard */; };
		A228AF4B1AB5573500BA0432 /* ViewController.m in Sources */ = {isa = PBXBuildFile; fileRef = A228AF4A1AB5573500BA0432 /* ViewController.m */; };
		A228AF4D1AB5573500BA0432 /* Images.xcassets in Resources */ = {isa = PBXBuildFile; fileRef = A228AF4C1AB5573500BA0432 /* Images.xcassets */; };
		A228AF541AB5573500BA0432 /* XCTest.framework in Frameworks */ = {isa = PBXBuildFile; fileRef = A228AF531AB5573500BA0432 /* XCTest.framework */; };
		A228AF551AB5573500BA0432 /* Foundation.framework in Frameworks */ = {isa = PBXBuildFile; fileRef = A228AF341AB5573500BA0432 /* Foundation.framework */; };
		A228AF561AB5573500BA0432 /* UIKit.framework in Frameworks */ = {isa = PBXBuildFile; fileRef = A228AF381AB5573500BA0432 /* UIKit.framework */; };
		A228AF5E1AB5573500BA0432 /* InfoPlist.strings in Resources */ = {isa = PBXBuildFile; fileRef = A228AF5C1AB5573500BA0432 /* InfoPlist.strings */; };
		A228AF601AB5573500BA0432 /* ScrollViewTests.m in Sources */ = {isa = PBXBuildFile; fileRef = A228AF5F1AB5573500BA0432 /* ScrollViewTests.m */; };
/* End PBXBuildFile section */

/* Begin PBXContainerItemProxy section */
		A228AF571AB5573500BA0432 /* PBXContainerItemProxy */ = {
			isa = PBXContainerItemProxy;
			containerPortal = A228AF291AB5573500BA0432 /* Project object */;
			proxyType = 1;
			remoteGlobalIDString = A228AF301AB5573500BA0432;
			remoteInfo = ScrollView;
		};
/* End PBXContainerItemProxy section */

/* Begin PBXFileReference section */
		A228AF311AB5573500BA0432 /* ScrollView.app */ = {isa = PBXFileReference; explicitFileType = wrapper.application; includeInIndex = 0; path = ScrollView.app; sourceTree = BUILT_PRODUCTS_DIR; };
		A228AF341AB5573500BA0432 /* Foundation.framework */ = {isa = PBXFileReference; lastKnownFileType = wrapper.framework; name = Foundation.framework; path = System/Library/Frameworks/Foundation.framework; sourceTree = SDKROOT; };
		A228AF361AB5573500BA0432 /* CoreGraphics.framework */ = {isa = PBXFileReference; lastKnownFileType = wrapper.framework; name = CoreGraphics.framework; path = System/Library/Frameworks/CoreGraphics.framework; sourceTree = SDKROOT; };
		A228AF381AB5573500BA0432 /* UIKit.framework */ = {isa = PBXFileReference; lastKnownFileType = wrapper.framework; name = UIKit.framework; path = System/Library/Frameworks/UIKit.framework; sourceTree = SDKROOT; };
		A228AF3C1AB5573500BA0432 /* ScrollView-Info.plist */ = {isa = PBXFileReference; lastKnownFileType = text.plist.xml; path = "ScrollView-Info.plist"; sourceTree = "<group>"; };
		A228AF3E1AB5573500BA0432 /* en */ = {isa = PBXFileReference; lastKnownFileType = text.plist.strings; name = en; path = en.lproj/InfoPlist.strings; sourceTree = "<group>"; };
		A228AF401AB5573500BA0432 /* main.m */ = {isa = PBXFileReference; lastKnownFileType = sourcecode.c.objc; path = main.m; sourceTree = "<group>"; };
		A228AF421AB5573500BA0432 /* ScrollView-Prefix.pch */ = {isa = PBXFileReference; lastKnownFileType = sourcecode.c.h; path = "ScrollView-Prefix.pch"; sourceTree = "<group>"; };
		A228AF431AB5573500BA0432 /* AppDelegate.h */ = {isa = PBXFileReference; lastKnownFileType = sourcecode.c.h; path = AppDelegate.h; sourceTree = "<group>"; };
		A228AF441AB5573500BA0432 /* AppDelegate.m */ = {isa = PBXFileReference; lastKnownFileType = sourcecode.c.objc; path = AppDelegate.m; sourceTree = "<group>"; };
		A228AF471AB5573500BA0432 /* Base */ = {isa = PBXFileReference; lastKnownFileType = file.storyboard; name = Base; path = Base.lproj/Main.storyboard; sourceTree = "<group>"; };
		A228AF491AB5573500BA0432 /* ViewController.h */ = {isa = PBXFileReference; lastKnownFileType = sourcecode.c.h; path = ViewController.h; sourceTree = "<group>"; };
		A228AF4A1AB5573500BA0432 /* ViewController.m */ = {isa = PBXFileReference; lastKnownFileType = sourcecode.c.objc; path = ViewController.m; sourceTree = "<group>"; };
		A228AF4C1AB5573500BA0432 /* Images.xcassets */ = {isa = PBXFileReference; lastKnownFileType = folder.assetcatalog; path = Images.xcassets; sourceTree = "<group>"; };
		A228AF521AB5573500BA0432 /* ScrollViewTests.xctest */ = {isa = PBXFileReference; explicitFileType = wrapper.cfbundle; includeInIndex = 0; path = ScrollViewTests.xctest; sourceTree = BUILT_PRODUCTS_DIR; };
		A228AF531AB5573500BA0432 /* XCTest.framework */ = {isa = PBXFileReference; lastKnownFileType = wrapper.framework; name = XCTest.framework; path = Library/Frameworks/XCTest.framework; sourceTree = DEVELOPER_DIR; };
		A228AF5B1AB5573500BA0432 /* ScrollViewTests-Info.plist */ = {isa = PBXFileReference; lastKnownFileType = text.plist.xml; path = "ScrollViewTests-Info.plist"; sourceTree = "<group>"; };
		A228AF5D1AB5573500BA0432 /* en */ = {isa = PBXFileReference; lastKnownFileType = text.plist.strings; name = en; path = en.lproj/InfoPlist.strings; sourceTree = "<group>"; };
		A228AF5F1AB5573500BA0432 /* ScrollViewTests.m */ = {isa = PBXFileReference; lastKnownFileType = sourcecode.c.objc; path = ScrollViewTests.m; sourceTree = "<group>"; };
/* End PBXFileReference section */

/* Begin PBXFrameworksBuildPhase section */
		A228AF2E1AB5573500BA0432 /* Frameworks */ = {
			isa = PBXFrameworksBuildPhase;
			buildActionMask = 2147483647;
			files = (
				A228AF371AB5573500BA0432 /* CoreGraphics.framework in Frameworks */,
				A228AF391AB5573500BA0432 /* UIKit.framework in Frameworks */,
				A228AF351AB5573500BA0432 /* Foundation.framework in Frameworks */,
			);
			runOnlyForDeploymentPostprocessing = 0;
		};
		A228AF4F1AB5573500BA0432 /* Frameworks */ = {
			isa = PBXFrameworksBuildPhase;
			buildActionMask = 2147483647;
			files = (
				A228AF541AB5573500BA0432 /* XCTest.framework in Frameworks */,
				A228AF561AB5573500BA0432 /* UIKit.framework in Frameworks */,
				A228AF551AB5573500BA0432 /* Foundation.framework in Frameworks */,
			);
			runOnlyForDeploymentPostprocessing = 0;
		};
/* End PBXFrameworksBuildPhase section */

/* Begin PBXGroup section */
		A228AF281AB5573500BA0432 = {
			isa = PBXGroup;
			children = (
				A228AF3A1AB5573500BA0432 /* ScrollView */,
				A228AF591AB5573500BA0432 /* ScrollViewTests */,
				A228AF331AB5573500BA0432 /* Frameworks */,
				A228AF321AB5573500BA0432 /* Products */,
			);
			sourceTree = "<group>";
		};
		A228AF321AB5573500BA0432 /* Products */ = {
			isa = PBXGroup;
			children = (
				A228AF311AB5573500BA0432 /* ScrollView.app */,
				A228AF521AB5573500BA0432 /* ScrollViewTests.xctest */,
			);
			name = Products;
			sourceTree = "<group>";
		};
		A228AF331AB5573500BA0432 /* Frameworks */ = {
			isa = PBXGroup;
			children = (
				A228AF341AB5573500BA0432 /* Foundation.framework */,
				A228AF361AB5573500BA0432 /* CoreGraphics.framework */,
				A228AF381AB5573500BA0432 /* UIKit.framework */,
				A228AF531AB5573500BA0432 /* XCTest.framework */,
			);
			name = Frameworks;
			sourceTree = "<group>";
		};
		A228AF3A1AB5573500BA0432 /* ScrollView */ = {
			isa = PBXGroup;
			children = (
				A228AF431AB5573500BA0432 /* AppDelegate.h */,
				A228AF441AB5573500BA0432 /* AppDelegate.m */,
				A228AF461AB5573500BA0432 /* Main.storyboard */,
				A228AF491AB5573500BA0432 /* ViewController.h */,
				A228AF4A1AB5573500BA0432 /* ViewController.m */,
				A228AF4C1AB5573500BA0432 /* Images.xcassets */,
				A228AF3B1AB5573500BA0432 /* Supporting Files */,
			);
			path = ScrollView;
			sourceTree = "<group>";
		};
		A228AF3B1AB5573500BA0432 /* Supporting Files */ = {
			isa = PBXGroup;
			children = (
				A228AF3C1AB5573500BA0432 /* ScrollView-Info.plist */,
				A228AF3D1AB5573500BA0432 /* InfoPlist.strings */,
				A228AF401AB5573500BA0432 /* main.m */,
				A228AF421AB5573500BA0432 /* ScrollView-Prefix.pch */,
			);
			name = "Supporting Files";
			sourceTree = "<group>";
		};
		A228AF591AB5573500BA0432 /* ScrollViewTests */ = {
			isa = PBXGroup;
			children = (
				A228AF5F1AB5573500BA0432 /* ScrollViewTests.m */,
				A228AF5A1AB5573500BA0432 /* Supporting Files */,
			);
			path = ScrollViewTests;
			sourceTree = "<group>";
		};
		A228AF5A1AB5573500BA0432 /* Supporting Files */ = {
			isa = PBXGroup;
			children = (
				A228AF5B1AB5573500BA0432 /* ScrollViewTests-Info.plist */,
				A228AF5C1AB5573500BA0432 /* InfoPlist.strings */,
			);
			name = "Supporting Files";
			sourceTree = "<group>";
		};
/* End PBXGroup section */

/* Begin PBXNativeTarget section */
		A228AF301AB5573500BA0432 /* ScrollView */ = {
			isa = PBXNativeTarget;
			buildConfigurationList = A228AF631AB5573500BA0432 /* Build configuration list for PBXNativeTarget "ScrollView" */;
			buildPhases = (
				A228AF2D1AB5573500BA0432 /* Sources */,
				A228AF2E1AB5573500BA0432 /* Frameworks */,
				A228AF2F1AB5573500BA0432 /* Resources */,
			);
			buildRules = (
			);
			dependencies = (
			);
			name = ScrollView;
			productName = ScrollView;
			productReference = A228AF311AB5573500BA0432 /* ScrollView.app */;
			productType = "com.apple.product-type.application";
		};
		A228AF511AB5573500BA0432 /* ScrollViewTests */ = {
			isa = PBXNativeTarget;
			buildConfigurationList = A228AF661AB5573500BA0432 /* Build configuration list for PBXNativeTarget "ScrollViewTests" */;
			buildPhases = (
				A228AF4E1AB5573500BA0432 /* Sources */,
				A228AF4F1AB5573500BA0432 /* Frameworks */,
				A228AF501AB5573500BA0432 /* Resources */,
			);
			buildRules = (
			);
			dependencies = (
				A228AF581AB5573500BA0432 /* PBXTargetDependency */,
			);
			name = ScrollViewTests;
			productName = ScrollViewTests;
			productReference = A228AF521AB5573500BA0432 /* ScrollViewTests.xctest */;
			productType = "com.apple.product-type.bundle.unit-test";
		};
/* End PBXNativeTarget section */

/* Begin PBXProject section */
		A228AF291AB5573500BA0432 /* Project object */ = {
			isa = PBXProject;
			attributes = {
				LastUpgradeCheck = 0510;
				ORGANIZATIONNAME = "Bradley Robert Schmidt";
				TargetAttributes = {
					A228AF511AB5573500BA0432 = {
						TestTargetID = A228AF301AB5573500BA0432;
					};
				};
			};
			buildConfigurationList = A228AF2C1AB5573500BA0432 /* Build configuration list for PBXProject "ScrollView" */;
			compatibilityVersion = "Xcode 3.2";
			developmentRegion = English;
			hasScannedForEncodings = 0;
			knownRegions = (
				en,
				Base,
			);
			mainGroup = A228AF281AB5573500BA0432;
			productRefGroup = A228AF321AB5573500BA0432 /* Products */;
			projectDirPath = "";
			projectRoot = "";
			targets = (
				A228AF301AB5573500BA0432 /* ScrollView */,
				A228AF511AB5573500BA0432 /* ScrollViewTests */,
			);
		};
/* End PBXProject section */

/* Begin PBXResourcesBuildPhase section */
		A228AF2F1AB5573500BA0432 /* Resources */ = {
			isa = PBXResourcesBuildPhase;
			buildActionMask = 2147483647;
			files = (
				A228AF4D1AB5573500BA0432 /* Images.xcassets in Resources */,
				A228AF3F1AB5573500BA0432 /* InfoPlist.strings in Resources */,
				A228AF481AB5573500BA0432 /* Main.storyboard in Resources */,
			);
			runOnlyForDeploymentPostprocessing = 0;
		};
		A228AF501AB5573500BA0432 /* Resources */ = {
			isa = PBXResourcesBuildPhase;
			buildActionMask = 2147483647;
			files = (
				A228AF5E1AB5573500BA0432 /* InfoPlist.strings in Resources */,
			);
			runOnlyForDeploymentPostprocessing = 0;
		};
/* End PBXResourcesBuildPhase section */

/* Begin PBXSourcesBuildPhase section */
		A228AF2D1AB5573500BA0432 /* Sources */ = {
			isa = PBXSourcesBuildPhase;
			buildActionMask = 2147483647;
			files = (
				A228AF4B1AB5573500BA0432 /* ViewController.m in Sources */,
				A228AF451AB5573500BA0432 /* AppDelegate.m in Sources */,
				A228AF411AB5573500BA0432 /* main.m in Sources */,
			);
			runOnlyForDeploymentPostprocessing = 0;
		};
		A228AF4E1AB5573500BA0432 /* Sources */ = {
			isa = PBXSourcesBuildPhase;
			buildActionMask = 2147483647;
			files = (
				A228AF601AB5573500BA0432 /* ScrollViewTests.m in Sources */,
			);
			runOnlyForDeploymentPostprocessing = 0;
		};
/* End PBXSourcesBuildPhase section */

/* Begin PBXTargetDependency section */
		A228AF581AB5573500BA0432 /* PBXTargetDependency */ = {
			isa = PBXTargetDependency;
			target = A228AF301AB5573500BA0432 /* ScrollView */;
			targetProxy = A228AF571AB5573500BA0432 /* PBXContainerItemProxy */;
		};
/* End PBXTargetDependency section */

/* Begin PBXVariantGroup section */
		A228AF3D1AB5573500BA0432 /* InfoPlist.strings */ = {
			isa = PBXVariantGroup;
			children = (
				A228AF3E1AB5573500BA0432 /* en */,
			);
			name = InfoPlist.strings;
			sourceTree = "<group>";
		};
		A228AF461AB5573500BA0432 /* Main.storyboard */ = {
			isa = PBXVariantGroup;
			children = (
				A228AF471AB5573500BA0432 /* Base */,
			);
			name = Main.storyboard;
			sourceTree = "<group>";
		};
		A228AF5C1AB5573500BA0432 /* InfoPlist.strings */ = {
			isa = PBXVariantGroup;
			children = (
				A228AF5D1AB5573500BA0432 /* en */,
			);
			name = InfoPlist.strings;
			sourceTree = "<group>";
		};
/* End PBXVariantGroup section */

/* Begin XCBuildConfiguration section */
		A228AF611AB5573500BA0432 /* Debug */ = {
			isa = XCBuildConfiguration;
			buildSettings = {
				ALWAYS_SEARCH_USER_PATHS = NO;
				CLANG_CXX_LANGUAGE_STANDARD = "gnu++0x";
				CLANG_CXX_LIBRARY = "libc++";
				CLANG_ENABLE_MODULES = YES;
				CLANG_ENABLE_OBJC_ARC = YES;
				CLANG_WARN_BOOL_CONVERSION = YES;
				CLANG_WARN_CONSTANT_CONVERSION = YES;
				CLANG_WARN_DIRECT_OBJC_ISA_USAGE = YES_ERROR;
				CLANG_WARN_EMPTY_BODY = YES;
				CLANG_WARN_ENUM_CONVERSION = YES;
				CLANG_WARN_INT_CONVERSION = YES;
				CLANG_WARN_OBJC_ROOT_CLASS = YES_ERROR;
				CLANG_WARN__DUPLICATE_METHOD_MATCH = YES;
				"CODE_SIGN_IDENTITY[sdk=iphoneos*]" = "iPhone Developer";
				COPY_PHASE_STRIP = NO;
				GCC_C_LANGUAGE_STANDARD = gnu99;
				GCC_DYNAMIC_NO_PIC = NO;
				GCC_OPTIMIZATION_LEVEL = 0;
				GCC_PREPROCESSOR_DEFINITIONS = (
					"DEBUG=1",
					"$(inherited)",
				);
				GCC_SYMBOLS_PRIVATE_EXTERN = NO;
				GCC_WARN_64_TO_32_BIT_CONVERSION = YES;
				GCC_WARN_ABOUT_RETURN_TYPE = YES_ERROR;
				GCC_WARN_UNDECLARED_SELECTOR = YES;
				GCC_WARN_UNINITIALIZED_AUTOS = YES_AGGRESSIVE;
				GCC_WARN_UNUSED_FUNCTION = YES;
				GCC_WARN_UNUSED_VARIABLE = YES;
				IPHONEOS_DEPLOYMENT_TARGET = 7.1;
				ONLY_ACTIVE_ARCH = YES;
				SDKROOT = iphoneos;
			};
			name = Debug;
		};
		A228AF621AB5573500BA0432 /* Release */ = {
			isa = XCBuildConfiguration;
			buildSettings = {
				ALWAYS_SEARCH_USER_PATHS = NO;
				CLANG_CXX_LANGUAGE_STANDARD = "gnu++0x";
				CLANG_CXX_LIBRARY = "libc++";
				CLANG_ENABLE_MODULES = YES;
				CLANG_ENABLE_OBJC_ARC = YES;
				CLANG_WARN_BOOL_CONVERSION = YES;
				CLANG_WARN_CONSTANT_CONVERSION = YES;
				CLANG_WARN_DIRECT_OBJC_ISA_USAGE = YES_ERROR;
				CLANG_WARN_EMPTY_BODY = YES;
				CLANG_WARN_ENUM_CONVERSION = YES;
				CLANG_WARN_INT_CONVERSION = YES;
				CLANG_WARN_OBJC_ROOT_CLASS = YES_ERROR;
				CLANG_WARN__DUPLICATE_METHOD_MATCH = YES;
				"CODE_SIGN_IDENTITY[sdk=iphoneos*]" = "iPhone Developer";
				COPY_PHASE_STRIP = YES;
				ENABLE_NS_ASSERTIONS = NO;
				GCC_C_LANGUAGE_STANDARD = gnu99;
				GCC_WARN_64_TO_32_BIT_CONVERSION = YES;
				GCC_WARN_ABOUT_RETURN_TYPE = YES_ERROR;
				GCC_WARN_UNDECLARED_SELECTOR = YES;
				GCC_WARN_UNINITIALIZED_AUTOS = YES_AGGRESSIVE;
				GCC_WARN_UNUSED_FUNCTION = YES;
				GCC_WARN_UNUSED_VARIABLE = YES;
				IPHONEOS_DEPLOYMENT_TARGET = 7.1;
				SDKROOT = iphoneos;
				VALIDATE_PRODUCT = YES;
			};
			name = Release;
		};
		A228AF641AB5573500BA0432 /* Debug */ = {
			isa = XCBuildConfiguration;
			buildSettings = {
				ASSETCATALOG_COMPILER_APPICON_NAME = AppIcon;
				ASSETCATALOG_COMPILER_LAUNCHIMAGE_NAME = LaunchImage;
				GCC_PRECOMPILE_PREFIX_HEADER = YES;
				GCC_PREFIX_HEADER = "ScrollView/ScrollView-Prefix.pch";
				INFOPLIST_FILE = "ScrollView/ScrollView-Info.plist";
				PRODUCT_NAME = "$(TARGET_NAME)";
				WRAPPER_EXTENSION = app;
			};
			name = Debug;
		};
		A228AF651AB5573500BA0432 /* Release */ = {
			isa = XCBuildConfiguration;
			buildSettings = {
				ASSETCATALOG_COMPILER_APPICON_NAME = AppIcon;
				ASSETCATALOG_COMPILER_LAUNCHIMAGE_NAME = LaunchImage;
				GCC_PRECOMPILE_PREFIX_HEADER = YES;
				GCC_PREFIX_HEADER = "ScrollView/ScrollView-Prefix.pch";
				INFOPLIST_FILE = "ScrollView/ScrollView-Info.plist";
				PRODUCT_NAME = "$(TARGET_NAME)";
				WRAPPER_EXTENSION = app;
			};
			name = Release;
		};
		A228AF671AB5573500BA0432 /* Debug */ = {
			isa = XCBuildConfiguration;
			buildSettings = {
				BUNDLE_LOADER = "$(BUILT_PRODUCTS_DIR)/ScrollView.app/ScrollView";
				FRAMEWORK_SEARCH_PATHS = (
					"$(SDKROOT)/Developer/Library/Frameworks",
					"$(inherited)",
					"$(DEVELOPER_FRAMEWORKS_DIR)",
				);
				GCC_PRECOMPILE_PREFIX_HEADER = YES;
				GCC_PREFIX_HEADER = "ScrollView/ScrollView-Prefix.pch";
				GCC_PREPROCESSOR_DEFINITIONS = (
					"DEBUG=1",
					"$(inherited)",
				);
				INFOPLIST_FILE = "ScrollViewTests/ScrollViewTests-Info.plist";
				PRODUCT_NAME = "$(TARGET_NAME)";
				TEST_HOST = "$(BUNDLE_LOADER)";
				WRAPPER_EXTENSION = xctest;
			};
			name = Debug;
		};
		A228AF681AB5573500BA0432 /* Release */ = {
			isa = XCBuildConfiguration;
			buildSettings = {
				BUNDLE_LOADER = "$(BUILT_PRODUCTS_DIR)/ScrollView.app/ScrollView";
				FRAMEWORK_SEARCH_PATHS = (
					"$(SDKROOT)/Developer/Library/Frameworks",
					"$(inherited)",
					"$(DEVELOPER_FRAMEWORKS_DIR)",
				);
				GCC_PRECOMPILE_PREFIX_HEADER = YES;
				GCC_PREFIX_HEADER = "ScrollView/ScrollView-Prefix.pch";
				INFOPLIST_FILE = "ScrollViewTests/ScrollViewTests-Info.plist";
				PRODUCT_NAME = "$(TARGET_NAME)";
				TEST_HOST = "$(BUNDLE_LOADER)";
				WRAPPER_EXTENSION = xctest;
			};
			name = Release;
		};
/* End XCBuildConfiguration section */

/* Begin XCConfigurationList section */
		A228AF2C1AB5573500BA0432 /* Build configuration list for PBXProject "ScrollView" */ = {
			isa = XCConfigurationList;
			buildConfigurations = (
				A228AF611AB5573500BA0432 /* Debug */,
				A228AF621AB5573500BA0432 /* Release */,
			);
			defaultConfigurationIsVisible = 0;
			defaultConfigurationName = Release;
		};
		A228AF631AB5573500BA0432 /* Build configuration list for PBXNativeTarget "ScrollView" */ = {
			isa = XCConfigurationList;
			buildConfigurations = (
				A228AF641AB5573500BA0432 /* Debug */,
				A228AF651AB5573500BA0432 /* Release */,
			);
			defaultConfigurationIsVisible = 0;
			defaultConfigurationName = Release;
		};
		A228AF661AB5573500BA0432 /* Build configuration list for PBXNativeTarget "ScrollViewTests" */ = {
			isa = XCConfigurationList;
			buildConfigurations = (
				A228AF671AB5573500BA0432 /* Debug */,
				A228AF681AB5573500BA0432 /* Release */,
			);
			defaultConfigurationIsVisible = 0;
			defaultConfigurationName = Release;
		};
/* End XCConfigurationList section */
	};
	rootObject = A228AF291AB5573500BA0432 /* Project object */;
}
